
Microsoft Visual Studio Solution File, Format Version 12.00
# Visual Studio Version 17
VisualStudioVersion = 17.13.35605.110
MinimumVisualStudioVersion = 10.0.40219.1
Project("{FAE04EC0-301F-11D3-BF4B-00C04F79EFBC}") = "00-OdevSwitchCase", "00-OdevSwitchCase\00-OdevSwitchCase.csproj", "{62A75B90-C44D-A474-BD7D-3EA937311B1E}"
EndProject
Project("{FAE04EC0-301F-11D3-BF4B-00C04F79EFBC}") = "07-SwitchCase", "07-SwitchCase\07-SwitchCase.csproj", "{565C2064-DD73-8C1C-936C-549D888D5E17}"
EndProject
Project("{FAE04EC0-301F-11D3-BF4B-00C04F79EFBC}") = "08-HesapMakinesi", "08-HesapMakinesi\08-HesapMakinesi.csproj", "{B48D8821-ECB9-4966-60EC-A9F89DE9C1E6}"
EndProject
Global
	GlobalSection(SolutionConfigurationPlatforms) = preSolution
		Debug|Any CPU = Debug|Any CPU
		Release|Any CPU = Release|Any CPU
	EndGlobalSection
	GlobalSection(ProjectConfigurationPlatforms) = postSolution
		{62A75B90-C44D-A474-BD7D-3EA937311B1E}.Debug|Any CPU.ActiveCfg = Debug|Any CPU
		{62A75B90-C44D-A474-BD7D-3EA937311B1E}.Debug|Any CPU.Build.0 = Debug|Any CPU
		{62A75B90-C44D-A474-BD7D-3EA937311B1E}.Release|Any CPU.ActiveCfg = Release|Any CPU
		{62A75B90-C44D-A474-BD7D-3EA937311B1E}.Release|Any CPU.Build.0 = Release|Any CPU
		{565C2064-DD73-8C1C-936C-549D888D5E17}.Debug|Any CPU.ActiveCfg = Debug|Any CPU
		{565C2064-DD73-8C1C-936C-549D888D5E17}.Debug|Any CPU.Build.0 = Debug|Any CPU
		{565C2064-DD73-8C1C-936C-549D888D5E17}.Release|Any CPU.ActiveCfg = Release|Any CPU
		{565C2064-DD73-8C1C-936C-549D888D5E17}.Release|Any CPU.Build.0 = Release|Any CPU
		{B48D8821-ECB9-4966-60EC-A9F89DE9C1E6}.Debug|Any CPU.ActiveCfg = Debug|Any CPU
		{B48D8821-ECB9-4966-60EC-A9F89DE9C1E6}.Debug|Any CPU.Build.0 = Debug|Any CPU
		{B48D8821-ECB9-4966-60EC-A9F89DE9C1E6}.Release|Any CPU.ActiveCfg = Release|Any CPU
		{B48D8821-ECB9-4966-60EC-A9F89DE9C1E6}.Release|Any CPU.Build.0 = Release|Any CPU
	EndGlobalSection
	GlobalSection(SolutionProperties) = preSolution
		HideSolutionNode = FALSE
	EndGlobalSection
	GlobalSection(ExtensibilityGlobals) = postSolution
		SolutionGuid = {AE30BAC0-8D93-46B2-969D-A1F83E38BB73}
	EndGlobalSection
EndGlobal
